
Microsoft Visual Studio Solution File, Format Version 12.00
# Visual Studio 15
VisualStudioVersion = 15.0.28307.438
MinimumVisualStudioVersion = 10.0.40219.1
Project("{FAE04EC0-301F-11D3-BF4B-00C04F79EFBC}") = "MetaEraser", "MetaEraser\MetaEraser.csproj", "{0D3DA052-691F-4711-913F-475B92BDD09E}"
EndProject
Global
	GlobalSection(SolutionConfigurationPlatforms) = preSolution
		Debug|Any CPU = Debug|Any CPU
		Release|Any CPU = Release|Any CPU
	EndGlobalSection
	GlobalSection(ProjectConfigurationPlatforms) = postSolution
		{0D3DA052-691F-4711-913F-475B92BDD09E}.Debug|Any CPU.ActiveCfg = Debug|Any CPU
		{0D3DA052-691F-4711-913F-475B92BDD09E}.Debug|Any CPU.Build.0 = Debug|Any CPU
		{0D3DA052-691F-4711-913F-475B92BDD09E}.Release|Any CPU.ActiveCfg = Release|Any CPU
		{0D3DA052-691F-4711-913F-475B92BDD09E}.Release|Any CPU.Build.0 = Release|Any CPU
	EndGlobalSection
	GlobalSection(SolutionProperties) = preSolution
		HideSolutionNode = FALSE
	EndGlobalSection
	GlobalSection(ExtensibilityGlobals) = postSolution
		SolutionGuid = {FFC348F8-207B-4FC8-9B11-0D3F3E6908DE}
	EndGlobalSection
EndGlobal
